
Microsoft Visual Studio Solution File, Format Version 12.00
Project("{FAE04EC0-301F-11D3-BF4B-00C04F79EFBC}") = "yunpian-csharp-sdk", "yunpian-csharp-sdk\yunpian-csharp-sdk.csproj", "{74C3A456-9597-4ACB-A6F6-F8CB552AC1DB}"
EndProject
Project("{FAE04EC0-301F-11D3-BF4B-00C04F79EFBC}") = "yunpian-csharp-sdk-test", "yunpian-csharp-sdk-test\yunpian-csharp-sdk-test.csproj", "{D071A3AA-F3C3-4B4B-8ED1-09955AC1E400}"
EndProject
Global
	GlobalSection(SolutionConfigurationPlatforms) = preSolution
		Debug|Any CPU = Debug|Any CPU
		Release|Any CPU = Release|Any CPU
	EndGlobalSection
	GlobalSection(ProjectConfigurationPlatforms) = postSolution
		{74C3A456-9597-4ACB-A6F6-F8CB552AC1DB}.Release|Any CPU.ActiveCfg = Release|Any CPU
		{74C3A456-9597-4ACB-A6F6-F8CB552AC1DB}.Release|Any CPU.Build.0 = Release|Any CPU
		{74C3A456-9597-4ACB-A6F6-F8CB552AC1DB}.Debug|Any CPU.ActiveCfg = Release|Any CPU
		{74C3A456-9597-4ACB-A6F6-F8CB552AC1DB}.Debug|Any CPU.Build.0 = Release|Any CPU
		{74C3A456-9597-4ACB-A6F6-F8CB552AC1DB}.Debug|Any CPU.Deploy.0 = Release|Any CPU
		{D071A3AA-F3C3-4B4B-8ED1-09955AC1E400}.Debug|Any CPU.ActiveCfg = Debug|Any CPU
		{D071A3AA-F3C3-4B4B-8ED1-09955AC1E400}.Debug|Any CPU.Build.0 = Debug|Any CPU
		{D071A3AA-F3C3-4B4B-8ED1-09955AC1E400}.Release|Any CPU.ActiveCfg = Release|Any CPU
		{D071A3AA-F3C3-4B4B-8ED1-09955AC1E400}.Release|Any CPU.Build.0 = Release|Any CPU
	EndGlobalSection
EndGlobal
